
Microsoft Visual Studio Solution File, Format Version 12.00
# Visual Studio Version 17
VisualStudioVersion = 17.7.34221.43
MinimumVisualStudioVersion = 10.0.40219.1
Project("{FAE04EC0-301F-11D3-BF4B-00C04F79EFBC}") = "CAT", "CAT\CAT.csproj", "{4D0ECCC2-D44A-4B7A-B4A8-DCE5D2D1B530}"
EndProject
Global
	GlobalSection(SolutionConfigurationPlatforms) = preSolution
		Debug|Any CPU = Debug|Any CPU
		Release|Any CPU = Release|Any CPU
	EndGlobalSection
	GlobalSection(ProjectConfigurationPlatforms) = postSolution
		{4D0ECCC2-D44A-4B7A-B4A8-DCE5D2D1B530}.Debug|Any CPU.ActiveCfg = Debug|Any CPU
		{4D0ECCC2-D44A-4B7A-B4A8-DCE5D2D1B530}.Debug|Any CPU.Build.0 = Debug|Any CPU
		{4D0ECCC2-D44A-4B7A-B4A8-DCE5D2D1B530}.Release|Any CPU.ActiveCfg = Release|Any CPU
		{4D0ECCC2-D44A-4B7A-B4A8-DCE5D2D1B530}.Release|Any CPU.Build.0 = Release|Any CPU
	EndGlobalSection
	GlobalSection(SolutionProperties) = preSolution
		HideSolutionNode = FALSE
	EndGlobalSection
	GlobalSection(ExtensibilityGlobals) = postSolution
		SolutionGuid = {F60BDB6F-FEF6-4901-B09F-1D13BD8A1EF7}
	EndGlobalSection
EndGlobal
